
Microsoft Visual Studio Solution File, Format Version 12.00
# Visual Studio Version 17
VisualStudioVersion = 17.0.32002.185
MinimumVisualStudioVersion = 10.0.40219.1
Project("{FAE04EC0-301F-11D3-BF4B-00C04F79EFBC}") = "Records", "Records\Records.csproj", "{F74F3622-F009-452F-A8A6-9C748A7A4155}"
EndProject
Global
	GlobalSection(SolutionConfigurationPlatforms) = preSolution
		Debug|Any CPU = Debug|Any CPU
		Release|Any CPU = Release|Any CPU
	EndGlobalSection
	GlobalSection(ProjectConfigurationPlatforms) = postSolution
		{F74F3622-F009-452F-A8A6-9C748A7A4155}.Debug|Any CPU.ActiveCfg = Debug|Any CPU
		{F74F3622-F009-452F-A8A6-9C748A7A4155}.Debug|Any CPU.Build.0 = Debug|Any CPU
		{F74F3622-F009-452F-A8A6-9C748A7A4155}.Release|Any CPU.ActiveCfg = Release|Any CPU
		{F74F3622-F009-452F-A8A6-9C748A7A4155}.Release|Any CPU.Build.0 = Release|Any CPU
	EndGlobalSection
	GlobalSection(SolutionProperties) = preSolution
		HideSolutionNode = FALSE
	EndGlobalSection
	GlobalSection(ExtensibilityGlobals) = postSolution
		SolutionGuid = {9C147F7C-1350-4400-978C-339FBEF3DB02}
	EndGlobalSection
EndGlobal
